
Microsoft Visual Studio Solution File, Format Version 12.00
# Visual Studio Version 16
VisualStudioVersion = 16.0.30114.105
MinimumVisualStudioVersion = 10.0.40219.1
Project("{9A19103F-16F7-4668-BE54-9A1E7A4F7556}") = "FaceApi", "FaceApi\FaceApi.csproj", "{319F94B8-EF17-46ED-9E9C-4D8047BB10AB}"
EndProject
Global
	GlobalSection(SolutionConfigurationPlatforms) = preSolution
		Debug|Any CPU = Debug|Any CPU
		Release|Any CPU = Release|Any CPU
	EndGlobalSection
	GlobalSection(ProjectConfigurationPlatforms) = postSolution
		{319F94B8-EF17-46ED-9E9C-4D8047BB10AB}.Debug|Any CPU.ActiveCfg = Debug|Any CPU
		{319F94B8-EF17-46ED-9E9C-4D8047BB10AB}.Debug|Any CPU.Build.0 = Debug|Any CPU
		{319F94B8-EF17-46ED-9E9C-4D8047BB10AB}.Release|Any CPU.ActiveCfg = Release|Any CPU
		{319F94B8-EF17-46ED-9E9C-4D8047BB10AB}.Release|Any CPU.Build.0 = Release|Any CPU
	EndGlobalSection
	GlobalSection(SolutionProperties) = preSolution
		HideSolutionNode = FALSE
	EndGlobalSection
	GlobalSection(ExtensibilityGlobals) = postSolution
		SolutionGuid = {6491C8A8-1C19-4191-B493-F45D70E7A398}
	EndGlobalSection
EndGlobal
